
Microsoft Visual Studio Solution File, Format Version 12.00
# Visual Studio Version 17
VisualStudioVersion = 17.6.33815.320
MinimumVisualStudioVersion = 10.0.40219.1
Project("{8BC9CEB8-8B4A-11D0-8D11-00A0C91BC942}") = "FaissNet", "FaissNet\FaissNet.vcxproj", "{A9BADCD2-1B3C-4C52-8488-2E67BAB9ED97}"
EndProject
Project("{8BC9CEB8-8B4A-11D0-8D11-00A0C91BC942}") = "MklHook", "MklHoot\MklHoot.vcxproj", "{45084BCB-6E32-413E-A382-849E47760D32}"
EndProject
Project("{8BC9CEB8-8B4A-11D0-8D11-00A0C91BC942}") = "FaissDemo", "FaissDotnet\FaissDotnet.vcxproj", "{B6D080F7-02EF-4BEF-A134-DA5B2E08160A}"
EndProject
Project("{6EC3EE1D-3C4E-46DD-8F32-0CC8E7565705}") = "TestFaissX", "TestFaissX\TestFaissX.fsproj", "{73DA2C58-1B2F-459C-A656-BD8C7D9D5425}"
EndProject
Project("{9A19103F-16F7-4668-BE54-9A1E7A4F7556}") = "FaissNetPack", "FaissNetPack\FaissNetPack.csproj", "{343C8D99-6C61-402C-A727-529DA9DD37F2}"
EndProject
Project("{2150E333-8FDC-42A3-9474-1A3956D46DE8}") = "libs", "libs", "{A5286A10-D741-48C2-8B6F-998FE2681C91}"
	ProjectSection(SolutionItems) = preProject
		libs\Ijwhost.dll = libs\Ijwhost.dll
		libs\libiomp5md.dll = libs\libiomp5md.dll
	EndProjectSection
EndProject
Project("{2150E333-8FDC-42A3-9474-1A3956D46DE8}") = "Solution Items", "Solution Items", "{29D2EF26-E97F-4BC5-9C6D-DE0AD94056D3}"
	ProjectSection(SolutionItems) = preProject
		readme.md = readme.md
	EndProjectSection
EndProject
Global
	GlobalSection(SolutionConfigurationPlatforms) = preSolution
		Debug|Any CPU = Debug|Any CPU
		Debug|x64 = Debug|x64
		Debug|x86 = Debug|x86
		Release|Any CPU = Release|Any CPU
		Release|x64 = Release|x64
		Release|x86 = Release|x86
	EndGlobalSection
	GlobalSection(ProjectConfigurationPlatforms) = postSolution
		{A9BADCD2-1B3C-4C52-8488-2E67BAB9ED97}.Debug|Any CPU.ActiveCfg = Debug|x64
		{A9BADCD2-1B3C-4C52-8488-2E67BAB9ED97}.Debug|Any CPU.Build.0 = Debug|x64
		{A9BADCD2-1B3C-4C52-8488-2E67BAB9ED97}.Debug|x64.ActiveCfg = Debug|x64
		{A9BADCD2-1B3C-4C52-8488-2E67BAB9ED97}.Debug|x64.Build.0 = Debug|x64
		{A9BADCD2-1B3C-4C52-8488-2E67BAB9ED97}.Debug|x86.ActiveCfg = Debug|Win32
		{A9BADCD2-1B3C-4C52-8488-2E67BAB9ED97}.Debug|x86.Build.0 = Debug|Win32
		{A9BADCD2-1B3C-4C52-8488-2E67BAB9ED97}.Release|Any CPU.ActiveCfg = Release|x64
		{A9BADCD2-1B3C-4C52-8488-2E67BAB9ED97}.Release|Any CPU.Build.0 = Release|x64
		{A9BADCD2-1B3C-4C52-8488-2E67BAB9ED97}.Release|x64.ActiveCfg = Release|x64
		{A9BADCD2-1B3C-4C52-8488-2E67BAB9ED97}.Release|x64.Build.0 = Release|x64
		{A9BADCD2-1B3C-4C52-8488-2E67BAB9ED97}.Release|x86.ActiveCfg = Release|Win32
		{A9BADCD2-1B3C-4C52-8488-2E67BAB9ED97}.Release|x86.Build.0 = Release|Win32
		{45084BCB-6E32-413E-A382-849E47760D32}.Debug|Any CPU.ActiveCfg = Debug|x64
		{45084BCB-6E32-413E-A382-849E47760D32}.Debug|Any CPU.Build.0 = Debug|x64
		{45084BCB-6E32-413E-A382-849E47760D32}.Debug|x64.ActiveCfg = Debug|x64
		{45084BCB-6E32-413E-A382-849E47760D32}.Debug|x64.Build.0 = Debug|x64
		{45084BCB-6E32-413E-A382-849E47760D32}.Debug|x86.ActiveCfg = Debug|Win32
		{45084BCB-6E32-413E-A382-849E47760D32}.Debug|x86.Build.0 = Debug|Win32
		{45084BCB-6E32-413E-A382-849E47760D32}.Release|Any CPU.ActiveCfg = Release|x64
		{45084BCB-6E32-413E-A382-849E47760D32}.Release|Any CPU.Build.0 = Release|x64
		{45084BCB-6E32-413E-A382-849E47760D32}.Release|x64.ActiveCfg = Release|x64
		{45084BCB-6E32-413E-A382-849E47760D32}.Release|x64.Build.0 = Release|x64
		{45084BCB-6E32-413E-A382-849E47760D32}.Release|x86.ActiveCfg = Release|Win32
		{45084BCB-6E32-413E-A382-849E47760D32}.Release|x86.Build.0 = Release|Win32
		{B6D080F7-02EF-4BEF-A134-DA5B2E08160A}.Debug|Any CPU.ActiveCfg = Debug|x64
		{B6D080F7-02EF-4BEF-A134-DA5B2E08160A}.Debug|Any CPU.Build.0 = Debug|x64
		{B6D080F7-02EF-4BEF-A134-DA5B2E08160A}.Debug|x64.ActiveCfg = Debug|x64
		{B6D080F7-02EF-4BEF-A134-DA5B2E08160A}.Debug|x64.Build.0 = Debug|x64
		{B6D080F7-02EF-4BEF-A134-DA5B2E08160A}.Debug|x86.ActiveCfg = Debug|Win32
		{B6D080F7-02EF-4BEF-A134-DA5B2E08160A}.Debug|x86.Build.0 = Debug|Win32
		{B6D080F7-02EF-4BEF-A134-DA5B2E08160A}.Release|Any CPU.ActiveCfg = Release|x64
		{B6D080F7-02EF-4BEF-A134-DA5B2E08160A}.Release|Any CPU.Build.0 = Release|x64
		{B6D080F7-02EF-4BEF-A134-DA5B2E08160A}.Release|x64.ActiveCfg = Release|x64
		{B6D080F7-02EF-4BEF-A134-DA5B2E08160A}.Release|x64.Build.0 = Release|x64
		{B6D080F7-02EF-4BEF-A134-DA5B2E08160A}.Release|x86.ActiveCfg = Release|Win32
		{B6D080F7-02EF-4BEF-A134-DA5B2E08160A}.Release|x86.Build.0 = Release|Win32
		{73DA2C58-1B2F-459C-A656-BD8C7D9D5425}.Debug|Any CPU.ActiveCfg = Debug|Any CPU
		{73DA2C58-1B2F-459C-A656-BD8C7D9D5425}.Debug|Any CPU.Build.0 = Debug|Any CPU
		{73DA2C58-1B2F-459C-A656-BD8C7D9D5425}.Debug|x64.ActiveCfg = Debug|Any CPU
		{73DA2C58-1B2F-459C-A656-BD8C7D9D5425}.Debug|x64.Build.0 = Debug|Any CPU
		{73DA2C58-1B2F-459C-A656-BD8C7D9D5425}.Debug|x86.ActiveCfg = Debug|Any CPU
		{73DA2C58-1B2F-459C-A656-BD8C7D9D5425}.Debug|x86.Build.0 = Debug|Any CPU
		{73DA2C58-1B2F-459C-A656-BD8C7D9D5425}.Release|Any CPU.ActiveCfg = Release|Any CPU
		{73DA2C58-1B2F-459C-A656-BD8C7D9D5425}.Release|Any CPU.Build.0 = Release|Any CPU
		{73DA2C58-1B2F-459C-A656-BD8C7D9D5425}.Release|x64.ActiveCfg = Release|Any CPU
		{73DA2C58-1B2F-459C-A656-BD8C7D9D5425}.Release|x64.Build.0 = Release|Any CPU
		{73DA2C58-1B2F-459C-A656-BD8C7D9D5425}.Release|x86.ActiveCfg = Release|Any CPU
		{73DA2C58-1B2F-459C-A656-BD8C7D9D5425}.Release|x86.Build.0 = Release|Any CPU
		{343C8D99-6C61-402C-A727-529DA9DD37F2}.Debug|Any CPU.ActiveCfg = Debug|Any CPU
		{343C8D99-6C61-402C-A727-529DA9DD37F2}.Debug|Any CPU.Build.0 = Debug|Any CPU
		{343C8D99-6C61-402C-A727-529DA9DD37F2}.Debug|x64.ActiveCfg = Debug|Any CPU
		{343C8D99-6C61-402C-A727-529DA9DD37F2}.Debug|x64.Build.0 = Debug|Any CPU
		{343C8D99-6C61-402C-A727-529DA9DD37F2}.Debug|x86.ActiveCfg = Debug|Any CPU
		{343C8D99-6C61-402C-A727-529DA9DD37F2}.Debug|x86.Build.0 = Debug|Any CPU
		{343C8D99-6C61-402C-A727-529DA9DD37F2}.Release|Any CPU.ActiveCfg = Release|Any CPU
		{343C8D99-6C61-402C-A727-529DA9DD37F2}.Release|Any CPU.Build.0 = Release|Any CPU
		{343C8D99-6C61-402C-A727-529DA9DD37F2}.Release|x64.ActiveCfg = Release|Any CPU
		{343C8D99-6C61-402C-A727-529DA9DD37F2}.Release|x64.Build.0 = Release|Any CPU
		{343C8D99-6C61-402C-A727-529DA9DD37F2}.Release|x86.ActiveCfg = Release|Any CPU
		{343C8D99-6C61-402C-A727-529DA9DD37F2}.Release|x86.Build.0 = Release|Any CPU
	EndGlobalSection
	GlobalSection(SolutionProperties) = preSolution
		HideSolutionNode = FALSE
	EndGlobalSection
	GlobalSection(ExtensibilityGlobals) = postSolution
		SolutionGuid = {24C02E20-55CF-4E96-AC14-6620FDE415E9}
	EndGlobalSection
EndGlobal
